lockfileVersion: '9.0'

settings:
  autoInstallPeers: true
  excludeLinksFromLockfile: false

importers:

  .:
    dependencies:
      '@vercel/sandbox':
        specifier: ^0.0.16
        version: 0.0.16
    devDependencies:
      '@types/node':
        specifier: ^24.1.0
        version: 24.1.0
      '@types/ws':
        specifier: ^8.18.1
        version: 8.18.1
      '@typescript/native-preview':
        specifier: 7.0.0-dev.20260124.1
        version: 7.0.0-dev.20260124.1

packages:

  '@types/node@24.1.0':
    resolution: {integrity: sha512-ut5FthK5moxFKH2T1CUOC6ctR67rQRvvHdFLCD2Ql6KXmMuCrjsSsRI9UsLCm9M18BMwClv4pn327UvB7eeO1w==}

  '@types/ws@8.18.1':
    resolution: {integrity: sha512-ThVF6DCVhA8kUGy+aazFQ4kXQ7E1Ty7A3ypFOe0IcJV8O/M511G99AW24irKrW56Wt44yG9+ij8FaqoBGkuBXg==}

  '@typescript/native-preview-darwin-arm64@7.0.0-dev.20260124.1':
    resolution: {integrity: sha512-hFA0vQyyrmTwRLfZnC03QtCCwg/6kyM5qfOjEoIqKlAi7TllP4eLFSJz38X9fh/3Geh0krkZHeIh6h6QP0Jjfw==}
    cpu: [arm64]
    os: [darwin]

  '@typescript/native-preview-darwin-x64@7.0.0-dev.20260124.1':
    resolution: {integrity: sha512-WvhTJ0YucAQpTQwy54tj8c8rzsPFXJeXAk04vYQSBBq7gv3k8CoLuVzghAYG2zGzAFEHA9FW/rT9NACqNJ8Iww==}
    cpu: [x64]
    os: [darwin]

  '@typescript/native-preview-linux-arm64@7.0.0-dev.20260124.1':
    resolution: {integrity: sha512-YjhWXiQdCOMbWhZgOy4eYs5l6i6lKxtI8rsmzLiGyM7sgD7Uzq8hh9z1DCSpGwvDR7Bky9sjkjGHJ2r+KGaU2Q==}
    cpu: [arm64]
    os: [linux]

  '@typescript/native-preview-linux-arm@7.0.0-dev.20260124.1':
    resolution: {integrity: sha512-fJGwwQYldfeSO/rzXJMgRR+YhfBdGZgQN+n3vBX5/lCUWS1dtXI/8yWpBs/mc0UtYm0w2oY912eG4Xd0kJMElw==}
    cpu: [arm]
    os: [linux]

  '@typescript/native-preview-linux-x64@7.0.0-dev.20260124.1':
    resolution: {integrity: sha512-ReEuzIqgwydFCsRUmlPERfgt38m7Z+Lyw3MddOCT6mJFArZ4J+XxOFlPL3PLI1pSXJHeHc3oTSQGToODLR1bnw==}
    cpu: [x64]
    os: [linux]

  '@typescript/native-preview-win32-arm64@7.0.0-dev.20260124.1':
    resolution: {integrity: sha512-4jwjoKlsapGj0wFTxI/d9TLBK+kVHwn+qSdPIcuE2t8OsjpEXSvjvjHMX64ysyf6VGVKd9m/qJs8708qo4RYmg==}
    cpu: [arm64]
    os: [win32]

  '@typescript/native-preview-win32-x64@7.0.0-dev.20260124.1':
    resolution: {integrity: sha512-dtUucoRDMi0bUbM2GkSF3qMbNRwE+K9udc6lTUj6+akXLqatuXm7PHVcqjrdXCyarc3CSNJE5Uq6GDHWzjDxyw==}
    cpu: [x64]
    os: [win32]

  '@typescript/native-preview@7.0.0-dev.20260124.1':
    resolution: {integrity: sha512-VRIKr9caNPE8zZqQKyPaRB+3HZQVy5AECW2B8GMRqp2LQvE5eDKXsilXAcLc0LaaHDwXIKxMlvIVC1sWkJOYhw==}
    hasBin: true

  '@vercel/oidc@2.0.0':
    resolution: {integrity: sha512-U0hncpXof7gC9xtmSrjz6vrDqdwJXi8z/zSc9FyS80AoXKfCZtpkBz9gtL3x30Agmpxpwe35P1W2dP9Epa/RGA==}
    engines: {node: '>= 18'}

  '@vercel/sandbox@0.0.16':
    resolution: {integrity: sha512-CaCWk9E1N9k4rTE6ArowVOOWDAIE/vUekDzRyBJumaMDwU9tNR0o6bRSNVlBycKmQPqKm0wSrHiQwn4CQbTvFw==}

  async-retry@1.3.3:
    resolution: {integrity: sha512-wfr/jstw9xNi/0teMHrRW7dsz3Lt5ARhYNZ2ewpadnhaIp5mbALhOAP+EAdsC7t4Z6wqsDVv9+W6gm1Dk9mEyw==}

  b4a@1.6.7:
    resolution: {integrity: sha512-OnAYlL5b7LEkALw87fUVafQw5rVR9RjwGd4KUwNQ6DrrNmaVaUCgLipfVlzrPQ4tWOR9P0IXGNOx50jYCCdSJg==}

  bare-events@2.6.0:
    resolution: {integrity: sha512-EKZ5BTXYExaNqi3I3f9RtEsaI/xBSGjE0XZCZilPzFAV/goswFHuPd9jEZlPIZ/iNZJwDSao9qRiScySz7MbQg==}

  fast-fifo@1.3.2:
    resolution: {integrity: sha512-/d9sfos4yxzpwkDkuN7k2SqFKtYNmCTzgfEpz82x34IM9/zc8KGxQoXg1liNC/izpRM/MBdt44Nmx41ZWqk+FQ==}

  jsonlines@0.1.1:
    resolution: {integrity: sha512-ekDrAGso79Cvf+dtm+mL8OBI2bmAOt3gssYs833De/C9NmIpWDWyUO4zPgB5x2/OhY366dkhgfPMYfwZF7yOZA==}

  ms@2.1.3:
    resolution: {integrity: sha512-6FlzubTLZG3J2a/NVCAleEhjzq5oxgHyaCU9yYXvcLsvoVaHJq/s5xXI6/XXP6tz7R9xAOtHnSO/tXtF3WRTlA==}

  retry@0.13.1:
    resolution: {integrity: sha512-XQBQ3I8W1Cge0Seh+6gjj03LbmRFWuoszgK9ooCpwYIrhhoO80pfq4cUkU5DkknwfOfFteRwlZ56PYOGYyFWdg==}
    engines: {node: '>= 4'}

  streamx@2.22.1:
    resolution: {integrity: sha512-znKXEBxfatz2GBNK02kRnCXjV+AA4kjZIUxeWSr3UGirZMJfTE9uiwKHobnbgxWyL/JWro8tTq+vOqAK1/qbSA==}

  tar-stream@3.1.7:
    resolution: {integrity: sha512-qJj60CXt7IU1Ffyc3NJMjh6EkuCFej46zUqJ4J7pqYlThyd9bO0XBTmcOIhSzZJVWfsLks0+nle/j538YAW9RQ==}

  text-decoder@1.2.3:
    resolution: {integrity: sha512-3/o9z3X0X0fTupwsYvR03pJ/DjWuqqrfwBgTQzdWDiQSm9KitAyz/9WqsT2JQW7KV2m+bC2ol/zqpW37NHxLaA==}

  undici-types@7.8.0:
    resolution: {integrity: sha512-9UJ2xGDvQ43tYyVMpuHlsgApydB8ZKfVYTsLDhXkFL/6gfkp+U8xTGdh8pMJv1SpZna0zxG1DwsKZsreLbXBxw==}

  zod@3.24.4:
    resolution: {integrity: sha512-OdqJE9UDRPwWsrHjLN2F8bPxvwJBK22EHLWtanu0LSYr5YqzsaaW3RMgmjwr8Rypg5k+meEJdSPXJZXE/yqOMg==}

snapshots:

  '@types/node@24.1.0':
    dependencies:
      undici-types: 7.8.0

  '@types/ws@8.18.1':
    dependencies:
      '@types/node': 24.1.0

  '@typescript/native-preview-darwin-arm64@7.0.0-dev.20260124.1':
    optional: true

  '@typescript/native-preview-darwin-x64@7.0.0-dev.20260124.1':
    optional: true

  '@typescript/native-preview-linux-arm64@7.0.0-dev.20260124.1':
    optional: true

  '@typescript/native-preview-linux-arm@7.0.0-dev.20260124.1':
    optional: true

  '@typescript/native-preview-linux-x64@7.0.0-dev.20260124.1':
    optional: true

  '@typescript/native-preview-win32-arm64@7.0.0-dev.20260124.1':
    optional: true

  '@typescript/native-preview-win32-x64@7.0.0-dev.20260124.1':
    optional: true

  '@typescript/native-preview@7.0.0-dev.20260124.1':
    optionalDependencies:
      '@typescript/native-preview-darwin-arm64': 7.0.0-dev.20260124.1
      '@typescript/native-preview-darwin-x64': 7.0.0-dev.20260124.1
      '@typescript/native-preview-linux-arm': 7.0.0-dev.20260124.1
      '@typescript/native-preview-linux-arm64': 7.0.0-dev.20260124.1
      '@typescript/native-preview-linux-x64': 7.0.0-dev.20260124.1
      '@typescript/native-preview-win32-arm64': 7.0.0-dev.20260124.1
      '@typescript/native-preview-win32-x64': 7.0.0-dev.20260124.1

  '@vercel/oidc@2.0.0': {}

  '@vercel/sandbox@0.0.16':
    dependencies:
      '@vercel/oidc': 2.0.0
      async-retry: 1.3.3
      jsonlines: 0.1.1
      ms: 2.1.3
      tar-stream: 3.1.7
      zod: 3.24.4

  async-retry@1.3.3:
    dependencies:
      retry: 0.13.1

  b4a@1.6.7: {}

  bare-events@2.6.0:
    optional: true

  fast-fifo@1.3.2: {}

  jsonlines@0.1.1: {}

  ms@2.1.3: {}

  retry@0.13.1: {}

  streamx@2.22.1:
    dependencies:
      fast-fifo: 1.3.2
      text-decoder: 1.2.3
    optionalDependencies:
      bare-events: 2.6.0

  tar-stream@3.1.7:
    dependencies:
      b4a: 1.6.7
      fast-fifo: 1.3.2
      streamx: 2.22.1

  text-decoder@1.2.3:
    dependencies:
      b4a: 1.6.7

  undici-types@7.8.0: {}

  zod@3.24.4: {}
